// !$*UTF8*$!
{
	archiveVersion = 1;
	classes = {
	};
	objectVersion = 55;
	objects = {

/* Begin PBXBuildFile section */
		3C971FB971D7779DE63370F7 /* Pods_iOSTestBS23Tests.framework in Frameworks */ = {isa = PBXBuildFile; fileRef = CFE495E5BE7B608896AE6D66 /* Pods_iOSTestBS23Tests.framework */; };
		8E21EC75290064620043019F /* AppDelegate.swift in Sources */ = {isa = PBXBuildFile; fileRef = 8E21EC74290064620043019F /* AppDelegate.swift */; };
		8E21EC77290064620043019F /* SceneDelegate.swift in Sources */ = {isa = PBXBuildFile; fileRef = 8E21EC76290064620043019F /* SceneDelegate.swift */; };
		8E21EC7C290064620043019F /* Main.storyboard in Resources */ = {isa = PBXBuildFile; fileRef = 8E21EC7A290064620043019F /* Main.storyboard */; };
		8E21EC7E290064690043019F /* Assets.xcassets in Resources */ = {isa = PBXBuildFile; fileRef = 8E21EC7D290064690043019F /* Assets.xcassets */; };
		8E21EC81290064690043019F /* LaunchScreen.storyboard in Resources */ = {isa = PBXBuildFile; fileRef = 8E21EC7F290064690043019F /* LaunchScreen.storyboard */; };
		8E21EC8C2900646B0043019F /* iOSTestBS23Tests.swift in Sources */ = {isa = PBXBuildFile; fileRef = 8E21EC8B2900646B0043019F /* iOSTestBS23Tests.swift */; };
		8E21EC962900646B0043019F /* iOSTestBS23UITests.swift in Sources */ = {isa = PBXBuildFile; fileRef = 8E21EC952900646B0043019F /* iOSTestBS23UITests.swift */; };
		8E21EC982900646B0043019F /* iOSTestBS23UITestsLaunchTests.swift in Sources */ = {isa = PBXBuildFile; fileRef = 8E21EC972900646B0043019F /* iOSTestBS23UITestsLaunchTests.swift */; };
		8EFD83332900FAC9004CAD08 /* MovieListViewController.swift in Sources */ = {isa = PBXBuildFile; fileRef = 8EFD83322900FAC9004CAD08 /* MovieListViewController.swift */; };
		8EFD83392901009E004CAD08 /* MovieModel.swift in Sources */ = {isa = PBXBuildFile; fileRef = 8EFD83382901009E004CAD08 /* MovieModel.swift */; };
		8EFD833B29010118004CAD08 /* MovieListViewModel.swift in Sources */ = {isa = PBXBuildFile; fileRef = 8EFD833A29010118004CAD08 /* MovieListViewModel.swift */; };
		8EFD833E290101D5004CAD08 /* NetworkManager.swift in Sources */ = {isa = PBXBuildFile; fileRef = 8EFD833D290101D5004CAD08 /* NetworkManager.swift */; };
		8EFD834029010233004CAD08 /* StoreManager.swift in Sources */ = {isa = PBXBuildFile; fileRef = 8EFD833F29010233004CAD08 /* StoreManager.swift */; };
		8EFD8343290102DE004CAD08 /* Constant.swift in Sources */ = {isa = PBXBuildFile; fileRef = 8EFD8342290102DE004CAD08 /* Constant.swift */; };
		8EFD8345290104BF004CAD08 /* MovieTableViewCell.swift in Sources */ = {isa = PBXBuildFile; fileRef = 8EFD8344290104BF004CAD08 /* MovieTableViewCell.swift */; };
		8EFD8347290124FA004CAD08 /* Helper.swift in Sources */ = {isa = PBXBuildFile; fileRef = 8EFD8346290124FA004CAD08 /* Helper.swift */; };
		9A3D955E148E63F3734AF58F /* Pods_iOSTestBS23.framework in Frameworks */ = {isa = PBXBuildFile; fileRef = 77521A8F2B2E03595964824D /* Pods_iOSTestBS23.framework */; };
		A178120B2849264B9E1D708D /* Pods_iOSTestBS23_iOSTestBS23UITests.framework in Frameworks */ = {isa = PBXBuildFile; fileRef = E4A09863CE0AAA83F54916DB /* Pods_iOSTestBS23_iOSTestBS23UITests.framework */; };
/* End PBXBuildFile section */

/* Begin PBXContainerItemProxy section */
		8E21EC882900646B0043019F /* PBXContainerItemProxy */ = {
			isa = PBXContainerItemProxy;
			containerPortal = 8E21EC69290064620043019F /* Project object */;
			proxyType = 1;
			remoteGlobalIDString = 8E21EC70290064620043019F;
			remoteInfo = iOSTestBS23;
		};
		8E21EC922900646B0043019F /* PBXContainerItemProxy */ = {
			isa = PBXContainerItemProxy;
			containerPortal = 8E21EC69290064620043019F /* Project object */;
			proxyType = 1;
			remoteGlobalIDString = 8E21EC70290064620043019F;
			remoteInfo = iOSTestBS23;
		};
/* End PBXContainerItemProxy section */

/* Begin PBXFileReference section */
		2A4D77EDE6D627C1D558525F /* Pods-iOSTestBS23.debug.xcconfig */ = {isa = PBXFileReference; includeInIndex = 1; lastKnownFileType = text.xcconfig; name = "Pods-iOSTestBS23.debug.xcconfig"; path = "Target Support Files/Pods-iOSTestBS23/Pods-iOSTestBS23.debug.xcconfig"; sourceTree = "<group>"; };
		3CFAEC96654A670F956D5EA1 /* Pods-iOSTestBS23Tests.debug.xcconfig */ = {isa = PBXFileReference; includeInIndex = 1; lastKnownFileType = text.xcconfig; name = "Pods-iOSTestBS23Tests.debug.xcconfig"; path = "Target Support Files/Pods-iOSTestBS23Tests/Pods-iOSTestBS23Tests.debug.xcconfig"; sourceTree = "<group>"; };
		43A656597979371DDB2F12BC /* Pods-iOSTestBS23-iOSTestBS23UITests.debug.xcconfig */ = {isa = PBXFileReference; includeInIndex = 1; lastKnownFileType = text.xcconfig; name = "Pods-iOSTestBS23-iOSTestBS23UITests.debug.xcconfig"; path = "Target Support Files/Pods-iOSTestBS23-iOSTestBS23UITests/Pods-iOSTestBS23-iOSTestBS23UITests.debug.xcconfig"; sourceTree = "<group>"; };
		77521A8F2B2E03595964824D /* Pods_iOSTestBS23.framework */ = {isa = PBXFileReference; explicitFileType = wrapper.framework; includeInIndex = 0; path = Pods_iOSTestBS23.framework; sourceTree = BUILT_PRODUCTS_DIR; };
		8E21EC71290064620043019F /* iOSTestBS23.app */ = {isa = PBXFileReference; explicitFileType = wrapper.application; includeInIndex = 0; path = iOSTestBS23.app; sourceTree = BUILT_PRODUCTS_DIR; };
		8E21EC74290064620043019F /* AppDelegate.swift */ = {isa = PBXFileReference; lastKnownFileType = sourcecode.swift; path = AppDelegate.swift; sourceTree = "<group>"; };
		8E21EC76290064620043019F /* SceneDelegate.swift */ = {isa = PBXFileReference; lastKnownFileType = sourcecode.swift; path = SceneDelegate.swift; sourceTree = "<group>"; };
		8E21EC7B290064620043019F /* Base */ = {isa = PBXFileReference; lastKnownFileType = file.storyboard; name = Base; path = Base.lproj/Main.storyboard; sourceTree = "<group>"; };
		8E21EC7D290064690043019F /* Assets.xcassets */ = {isa = PBXFileReference; lastKnownFileType = folder.assetcatalog; path = Assets.xcassets; sourceTree = "<group>"; };
		8E21EC80290064690043019F /* Base */ = {isa = PBXFileReference; lastKnownFileType = file.storyboard; name = Base; path = Base.lproj/LaunchScreen.storyboard; sourceTree = "<group>"; };
		8E21EC82290064690043019F /* Info.plist */ = {isa = PBXFileReference; lastKnownFileType = text.plist.xml; path = Info.plist; sourceTree = "<group>"; };
		8E21EC872900646B0043019F /* iOSTestBS23Tests.xctest */ = {isa = PBXFileReference; explicitFileType = wrapper.cfbundle; includeInIndex = 0; path = iOSTestBS23Tests.xctest; sourceTree = BUILT_PRODUCTS_DIR; };
		8E21EC8B2900646B0043019F /* iOSTestBS23Tests.swift */ = {isa = PBXFileReference; lastKnownFileType = sourcecode.swift; path = iOSTestBS23Tests.swift; sourceTree = "<group>"; };
		8E21EC912900646B0043019F /* iOSTestBS23UITests.xctest */ = {isa = PBXFileReference; explicitFileType = wrapper.cfbundle; includeInIndex = 0; path = iOSTestBS23UITests.xctest; sourceTree = BUILT_PRODUCTS_DIR; };
		8E21EC952900646B0043019F /* iOSTestBS23UITests.swift */ = {isa = PBXFileReference; lastKnownFileType = sourcecode.swift; path = iOSTestBS23UITests.swift; sourceTree = "<group>"; };
		8E21EC972900646B0043019F /* iOSTestBS23UITestsLaunchTests.swift */ = {isa = PBXFileReference; lastKnownFileType = sourcecode.swift; path = iOSTestBS23UITestsLaunchTests.swift; sourceTree = "<group>"; };
		8EFD83322900FAC9004CAD08 /* MovieListViewController.swift */ = {isa = PBXFileReference; lastKnownFileType = sourcecode.swift; path = MovieListViewController.swift; sourceTree = "<group>"; };
		8EFD83382901009E004CAD08 /* MovieModel.swift */ = {isa = PBXFileReference; lastKnownFileType = sourcecode.swift; path = MovieModel.swift; sourceTree = "<group>"; };
		8EFD833A29010118004CAD08 /* MovieListViewModel.swift */ = {isa = PBXFileReference; lastKnownFileType = sourcecode.swift; path = MovieListViewModel.swift; sourceTree = "<group>"; };
		8EFD833D290101D5004CAD08 /* NetworkManager.swift */ = {isa = PBXFileReference; lastKnownFileType = sourcecode.swift; path = NetworkManager.swift; sourceTree = "<group>"; };
		8EFD833F29010233004CAD08 /* StoreManager.swift */ = {isa = PBXFileReference; lastKnownFileType = sourcecode.swift; path = StoreManager.swift; sourceTree = "<group>"; };
		8EFD8342290102DE004CAD08 /* Constant.swift */ = {isa = PBXFileReference; lastKnownFileType = sourcecode.swift; path = Constant.swift; sourceTree = "<group>"; };
		8EFD8344290104BF004CAD08 /* MovieTableViewCell.swift */ = {isa = PBXFileReference; lastKnownFileType = sourcecode.swift; path = MovieTableViewCell.swift; sourceTree = "<group>"; };
		8EFD8346290124FA004CAD08 /* Helper.swift */ = {isa = PBXFileReference; lastKnownFileType = sourcecode.swift; path = Helper.swift; sourceTree = "<group>"; };
		96D82C348D152DC31DCF30AB /* Pods-iOSTestBS23-iOSTestBS23UITests.release.xcconfig */ = {isa = PBXFileReference; includeInIndex = 1; lastKnownFileType = text.xcconfig; name = "Pods-iOSTestBS23-iOSTestBS23UITests.release.xcconfig"; path = "Target Support Files/Pods-iOSTestBS23-iOSTestBS23UITests/Pods-iOSTestBS23-iOSTestBS23UITests.release.xcconfig"; sourceTree = "<group>"; };
		9CE4F414D63F758AD92CAE85 /* Pods-iOSTestBS23.release.xcconfig */ = {isa = PBXFileReference; includeInIndex = 1; lastKnownFileType = text.xcconfig; name = "Pods-iOSTestBS23.release.xcconfig"; path = "Target Support Files/Pods-iOSTestBS23/Pods-iOSTestBS23.release.xcconfig"; sourceTree = "<group>"; };
		A24E94EF314C1D738689729C /* Pods-iOSTestBS23Tests.release.xcconfig */ = {isa = PBXFileReference; includeInIndex = 1; lastKnownFileType = text.xcconfig; name = "Pods-iOSTestBS23Tests.release.xcconfig"; path = "Target Support Files/Pods-iOSTestBS23Tests/Pods-iOSTestBS23Tests.release.xcconfig"; sourceTree = "<group>"; };
		CFE495E5BE7B608896AE6D66 /* Pods_iOSTestBS23Tests.framework */ = {isa = PBXFileReference; explicitFileType = wrapper.framework; includeInIndex = 0; path = Pods_iOSTestBS23Tests.framework; sourceTree = BUILT_PRODUCTS_DIR; };
		E4A09863CE0AAA83F54916DB /* Pods_iOSTestBS23_iOSTestBS23UITests.framework */ = {isa = PBXFileReference; explicitFileType = wrapper.framework; includeInIndex = 0; path = Pods_iOSTestBS23_iOSTestBS23UITests.framework; sourceTree = BUILT_PRODUCTS_DIR; };
/* End PBXFileReference section */

/* Begin PBXFrameworksBuildPhase section */
		8E21EC6E290064620043019F /* Frameworks */ = {
			isa = PBXFrameworksBuildPhase;
			buildActionMask = 2147483647;
			files = (
				9A3D955E148E63F3734AF58F /* Pods_iOSTestBS23.framework in Frameworks */,
			);
			runOnlyForDeploymentPostprocessing = 0;
		};
		8E21EC842900646B0043019F /* Frameworks */ = {
			isa = PBXFrameworksBuildPhase;
			buildActionMask = 2147483647;
			files = (
				3C971FB971D7779DE63370F7 /* Pods_iOSTestBS23Tests.framework in Frameworks */,
			);
			runOnlyForDeploymentPostprocessing = 0;
		};
		8E21EC8E2900646B0043019F /* Frameworks */ = {
			isa = PBXFrameworksBuildPhase;
			buildActionMask = 2147483647;
			files = (
				A178120B2849264B9E1D708D /* Pods_iOSTestBS23_iOSTestBS23UITests.framework in Frameworks */,
			);
			runOnlyForDeploymentPostprocessing = 0;
		};
/* End PBXFrameworksBuildPhase section */

/* Begin PBXGroup section */
		719308D4EC30D73A95F476CE /* Frameworks */ = {
			isa = PBXGroup;
			children = (
				77521A8F2B2E03595964824D /* Pods_iOSTestBS23.framework */,
				E4A09863CE0AAA83F54916DB /* Pods_iOSTestBS23_iOSTestBS23UITests.framework */,
				CFE495E5BE7B608896AE6D66 /* Pods_iOSTestBS23Tests.framework */,
			);
			name = Frameworks;
			sourceTree = "<group>";
		};
		8E21EC68290064620043019F = {
			isa = PBXGroup;
			children = (
				8E21EC73290064620043019F /* iOSTestBS23 */,
				8E21EC7A290064620043019F /* Main.storyboard */,
				8E21EC7D290064690043019F /* Assets.xcassets */,
				8E21EC7F290064690043019F /* LaunchScreen.storyboard */,
				8E21EC8A2900646B0043019F /* iOSTestBS23Tests */,
				8E21EC942900646B0043019F /* iOSTestBS23UITests */,
				8E21EC72290064620043019F /* Products */,
				BE2C03452B1C75B19DBA829B /* Pods */,
				719308D4EC30D73A95F476CE /* Frameworks */,
			);
			sourceTree = "<group>";
		};
		8E21EC72290064620043019F /* Products */ = {
			isa = PBXGroup;
			children = (
				8E21EC71290064620043019F /* iOSTestBS23.app */,
				8E21EC872900646B0043019F /* iOSTestBS23Tests.xctest */,
				8E21EC912900646B0043019F /* iOSTestBS23UITests.xctest */,
			);
			name = Products;
			sourceTree = "<group>";
		};
		8E21EC73290064620043019F /* iOSTestBS23 */ = {
			isa = PBXGroup;
			children = (
				8E21EC74290064620043019F /* AppDelegate.swift */,
				8E21EC76290064620043019F /* SceneDelegate.swift */,
				8E21EC82290064690043019F /* Info.plist */,
				8EFD83412901025A004CAD08 /* Helper */,
				8EFD833C290101A4004CAD08 /* Manager */,
				8EFD83342900FE97004CAD08 /* Movies */,
			);
			path = iOSTestBS23;
			sourceTree = "<group>";
		};
		8E21EC8A2900646B0043019F /* iOSTestBS23Tests */ = {
			isa = PBXGroup;
			children = (
				8E21EC8B2900646B0043019F /* iOSTestBS23Tests.swift */,
			);
			path = iOSTestBS23Tests;
			sourceTree = "<group>";
		};
		8E21EC942900646B0043019F /* iOSTestBS23UITests */ = {
			isa = PBXGroup;
			children = (
				8E21EC952900646B0043019F /* iOSTestBS23UITests.swift */,
				8E21EC972900646B0043019F /* iOSTestBS23UITestsLaunchTests.swift */,
			);
			path = iOSTestBS23UITests;
			sourceTree = "<group>";
		};
		8E7BBDBB2901409B00A85C9A /* ViewController */ = {
			isa = PBXGroup;
			children = (
				8EFD83322900FAC9004CAD08 /* MovieListViewController.swift */,
			);
			path = ViewController;
			sourceTree = "<group>";
		};
		8EFD83342900FE97004CAD08 /* Movies */ = {
			isa = PBXGroup;
			children = (
				8EFD83352900FEB5004CAD08 /* Model */,
				8EFD83372900FED2004CAD08 /* ViewModel */,
				8E7BBDBB2901409B00A85C9A /* ViewController */,
				8EFD83362900FECD004CAD08 /* View */,
			);
			path = Movies;
			sourceTree = "<group>";
		};
		8EFD83352900FEB5004CAD08 /* Model */ = {
			isa = PBXGroup;
			children = (
				8EFD83382901009E004CAD08 /* MovieModel.swift */,
			);
			path = Model;
			sourceTree = "<group>";
		};
		8EFD83362900FECD004CAD08 /* View */ = {
			isa = PBXGroup;
			children = (
				8EFD8344290104BF004CAD08 /* MovieTableViewCell.swift */,
			);
			path = View;
			sourceTree = "<group>";
		};
		8EFD83372900FED2004CAD08 /* ViewModel */ = {
			isa = PBXGroup;
			children = (
				8EFD833A29010118004CAD08 /* MovieListViewModel.swift */,
			);
			path = ViewModel;
			sourceTree = "<group>";
		};
		8EFD833C290101A4004CAD08 /* Manager */ = {
			isa = PBXGroup;
			children = (
				8EFD833D290101D5004CAD08 /* NetworkManager.swift */,
				8EFD833F29010233004CAD08 /* StoreManager.swift */,
			);
			path = Manager;
			sourceTree = "<group>";
		};
		8EFD83412901025A004CAD08 /* Helper */ = {
			isa = PBXGroup;
			children = (
				8EFD8342290102DE004CAD08 /* Constant.swift */,
				8EFD8346290124FA004CAD08 /* Helper.swift */,
			);
			path = Helper;
			sourceTree = "<group>";
		};
		BE2C03452B1C75B19DBA829B /* Pods */ = {
			isa = PBXGroup;
			children = (
				2A4D77EDE6D627C1D558525F /* Pods-iOSTestBS23.debug.xcconfig */,
				9CE4F414D63F758AD92CAE85 /* Pods-iOSTestBS23.release.xcconfig */,
				43A656597979371DDB2F12BC /* Pods-iOSTestBS23-iOSTestBS23UITests.debug.xcconfig */,
				96D82C348D152DC31DCF30AB /* Pods-iOSTestBS23-iOSTestBS23UITests.release.xcconfig */,
				3CFAEC96654A670F956D5EA1 /* Pods-iOSTestBS23Tests.debug.xcconfig */,
				A24E94EF314C1D738689729C /* Pods-iOSTestBS23Tests.release.xcconfig */,
			);
			path = Pods;
			sourceTree = "<group>";
		};
/* End PBXGroup section */

/* Begin PBXNativeTarget section */
		8E21EC70290064620043019F /* iOSTestBS23 */ = {
			isa = PBXNativeTarget;
			buildConfigurationList = 8E21EC9B2900646B0043019F /* Build configuration list for PBXNativeTarget "iOSTestBS23" */;
			buildPhases = (
				008A8277076F53949AD4EB76 /* [CP] Check Pods Manifest.lock */,
				8E21EC6D290064620043019F /* Sources */,
				8E21EC6E290064620043019F /* Frameworks */,
				8E21EC6F290064620043019F /* Resources */,
				7FF5F5E04104820B976FC653 /* [CP] Embed Pods Frameworks */,
			);
			buildRules = (
			);
			dependencies = (
			);
			name = iOSTestBS23;
			productName = iOSTestBS23;
			productReference = 8E21EC71290064620043019F /* iOSTestBS23.app */;
			productType = "com.apple.product-type.application";
		};
		8E21EC862900646B0043019F /* iOSTestBS23Tests */ = {
			isa = PBXNativeTarget;
			buildConfigurationList = 8E21EC9E2900646B0043019F /* Build configuration list for PBXNativeTarget "iOSTestBS23Tests" */;
			buildPhases = (
				FC4843826CEBCEA0B7220ECF /* [CP] Check Pods Manifest.lock */,
				8E21EC832900646B0043019F /* Sources */,
				8E21EC842900646B0043019F /* Frameworks */,
				8E21EC852900646B0043019F /* Resources */,
			);
			buildRules = (
			);
			dependencies = (
				8E21EC892900646B0043019F /* PBXTargetDependency */,
			);
			name = iOSTestBS23Tests;
			productName = iOSTestBS23Tests;
			productReference = 8E21EC872900646B0043019F /* iOSTestBS23Tests.xctest */;
			productType = "com.apple.product-type.bundle.unit-test";
		};
		8E21EC902900646B0043019F /* iOSTestBS23UITests */ = {
			isa = PBXNativeTarget;
			buildConfigurationList = 8E21ECA12900646B0043019F /* Build configuration list for PBXNativeTarget "iOSTestBS23UITests" */;
			buildPhases = (
				676BAEB92EC12FF63C17466F /* [CP] Check Pods Manifest.lock */,
				8E21EC8D2900646B0043019F /* Sources */,
				8E21EC8E2900646B0043019F /* Frameworks */,
				8E21EC8F2900646B0043019F /* Resources */,
				A885C51F7F30F71783EB59D1 /* [CP] Embed Pods Frameworks */,
			);
			buildRules = (
			);
			dependencies = (
				8E21EC932900646B0043019F /* PBXTargetDependency */,
			);
			name = iOSTestBS23UITests;
			productName = iOSTestBS23UITests;
			productReference = 8E21EC912900646B0043019F /* iOSTestBS23UITests.xctest */;
			productType = "com.apple.product-type.bundle.ui-testing";
		};
/* End PBXNativeTarget section */

/* Begin PBXProject section */
		8E21EC69290064620043019F /* Project object */ = {
			isa = PBXProject;
			attributes = {
				BuildIndependentTargetsInParallel = 1;
				LastSwiftUpdateCheck = 1320;
				LastUpgradeCheck = 1320;
				TargetAttributes = {
					8E21EC70290064620043019F = {
						CreatedOnToolsVersion = 13.2.1;
					};
					8E21EC862900646B0043019F = {
						CreatedOnToolsVersion = 13.2.1;
						TestTargetID = 8E21EC70290064620043019F;
					};
					8E21EC902900646B0043019F = {
						CreatedOnToolsVersion = 13.2.1;
						TestTargetID = 8E21EC70290064620043019F;
					};
				};
			};
			buildConfigurationList = 8E21EC6C290064620043019F /* Build configuration list for PBXProject "iOSTestBS23" */;
			compatibilityVersion = "Xcode 13.0";
			developmentRegion = en;
			hasScannedForEncodings = 0;
			knownRegions = (
				en,
				Base,
			);
			mainGroup = 8E21EC68290064620043019F;
			productRefGroup = 8E21EC72290064620043019F /* Products */;
			projectDirPath = "";
			projectRoot = "";
			targets = (
				8E21EC70290064620043019F /* iOSTestBS23 */,
				8E21EC862900646B0043019F /* iOSTestBS23Tests */,
				8E21EC902900646B0043019F /* iOSTestBS23UITests */,
			);
		};
/* End PBXProject section */

/* Begin PBXResourcesBuildPhase section */
		8E21EC6F290064620043019F /* Resources */ = {
			isa = PBXResourcesBuildPhase;
			buildActionMask = 2147483647;
			files = (
				8E21EC81290064690043019F /* LaunchScreen.storyboard in Resources */,
				8E21EC7E290064690043019F /* Assets.xcassets in Resources */,
				8E21EC7C290064620043019F /* Main.storyboard in Resources */,
			);
			runOnlyForDeploymentPostprocessing = 0;
		};
		8E21EC852900646B0043019F /* Resources */ = {
			isa = PBXResourcesBuildPhase;
			buildActionMask = 2147483647;
			files = (
			);
			runOnlyForDeploymentPostprocessing = 0;
		};
		8E21EC8F2900646B0043019F /* Resources */ = {
			isa = PBXResourcesBuildPhase;
			buildActionMask = 2147483647;
			files = (
			);
			runOnlyForDeploymentPostprocessing = 0;
		};
/* End PBXResourcesBuildPhase section */

/* Begin PBXShellScriptBuildPhase section */
		008A8277076F53949AD4EB76 /* [CP] Check Pods Manifest.lock */ = {
			isa = PBXShellScriptBuildPhase;
			buildActionMask = 2147483647;
			files = (
			);
			inputFileListPaths = (
			);
			inputPaths = (
				"${PODS_PODFILE_DIR_PATH}/Podfile.lock",
				"${PODS_ROOT}/Manifest.lock",
			);
			name = "[CP] Check Pods Manifest.lock";
			outputFileListPaths = (
			);
			outputPaths = (
				"$(DERIVED_FILE_DIR)/Pods-iOSTestBS23-checkManifestLockResult.txt",
			);
			runOnlyForDeploymentPostprocessing = 0;
			shellPath = /bin/sh;
			shellScript = "diff \"${PODS_PODFILE_DIR_PATH}/Podfile.lock\" \"${PODS_ROOT}/Manifest.lock\" > /dev/null\nif [ $? != 0 ] ; then\n    # print error to STDERR\n    echo \"error: The sandbox is not in sync with the Podfile.lock. Run 'pod install' or update your CocoaPods installation.\" >&2\n    exit 1\nfi\n# This output is used by Xcode 'outputs' to avoid re-running this script phase.\necho \"SUCCESS\" > \"${SCRIPT_OUTPUT_FILE_0}\"\n";
			showEnvVarsInLog = 0;
		};
		676BAEB92EC12FF63C17466F /* [CP] Check Pods Manifest.lock */ = {
			isa = PBXShellScriptBuildPhase;
			buildActionMask = 2147483647;
			files = (
			);
			inputFileListPaths = (
			);
			inputPaths = (
				"${PODS_PODFILE_DIR_PATH}/Podfile.lock",
				"${PODS_ROOT}/Manifest.lock",
			);
			name = "[CP] Check Pods Manifest.lock";
			outputFileListPaths = (
			);
			outputPaths = (
				"$(DERIVED_FILE_DIR)/Pods-iOSTestBS23-iOSTestBS23UITests-checkManifestLockResult.txt",
			);
			runOnlyForDeploymentPostprocessing = 0;
			shellPath = /bin/sh;
			shellScript = "diff \"${PODS_PODFILE_DIR_PATH}/Podfile.lock\" \"${PODS_ROOT}/Manifest.lock\" > /dev/null\nif [ $? != 0 ] ; then\n    # print error to STDERR\n    echo \"error: The sandbox is not in sync with the Podfile.lock. Run 'pod install' or update your CocoaPods installation.\" >&2\n    exit 1\nfi\n# This output is used by Xcode 'outputs' to avoid re-running this script phase.\necho \"SUCCESS\" > \"${SCRIPT_OUTPUT_FILE_0}\"\n";
			showEnvVarsInLog = 0;
		};
		7FF5F5E04104820B976FC653 /* [CP] Embed Pods Frameworks */ = {
			isa = PBXShellScriptBuildPhase;
			buildActionMask = 2147483647;
			files = (
			);
			inputFileListPaths = (
				"${PODS_ROOT}/Target Support Files/Pods-iOSTestBS23/Pods-iOSTestBS23-frameworks-${CONFIGURATION}-input-files.xcfilelist",
			);
			name = "[CP] Embed Pods Frameworks";
			outputFileListPaths = (
				"${PODS_ROOT}/Target Support Files/Pods-iOSTestBS23/Pods-iOSTestBS23-frameworks-${CONFIGURATION}-output-files.xcfilelist",
			);
			runOnlyForDeploymentPostprocessing = 0;
			shellPath = /bin/sh;
			shellScript = "\"${PODS_ROOT}/Target Support Files/Pods-iOSTestBS23/Pods-iOSTestBS23-frameworks.sh\"\n";
			showEnvVarsInLog = 0;
		};
		A885C51F7F30F71783EB59D1 /* [CP] Embed Pods Frameworks */ = {
			isa = PBXShellScriptBuildPhase;
			buildActionMask = 2147483647;
			files = (
			);
			inputFileListPaths = (
				"${PODS_ROOT}/Target Support Files/Pods-iOSTestBS23-iOSTestBS23UITests/Pods-iOSTestBS23-iOSTestBS23UITests-frameworks-${CONFIGURATION}-input-files.xcfilelist",
			);
			name = "[CP] Embed Pods Frameworks";
			outputFileListPaths = (
				"${PODS_ROOT}/Target Support Files/Pods-iOSTestBS23-iOSTestBS23UITests/Pods-iOSTestBS23-iOSTestBS23UITests-frameworks-${CONFIGURATION}-output-files.xcfilelist",
			);
			runOnlyForDeploymentPostprocessing = 0;
			shellPath = /bin/sh;
			shellScript = "\"${PODS_ROOT}/Target Support Files/Pods-iOSTestBS23-iOSTestBS23UITests/Pods-iOSTestBS23-iOSTestBS23UITests-frameworks.sh\"\n";
			showEnvVarsInLog = 0;
		};
		FC4843826CEBCEA0B7220ECF /* [CP] Check Pods Manifest.lock */ = {
			isa = PBXShellScriptBuildPhase;
			buildActionMask = 2147483647;
			files = (
			);
			inputFileListPaths = (
			);
			inputPaths = (
				"${PODS_PODFILE_DIR_PATH}/Podfile.lock",
				"${PODS_ROOT}/Manifest.lock",
			);
			name = "[CP] Check Pods Manifest.lock";
			outputFileListPaths = (
			);
			outputPaths = (
				"$(DERIVED_FILE_DIR)/Pods-iOSTestBS23Tests-checkManifestLockResult.txt",
			);
			runOnlyForDeploymentPostprocessing = 0;
			shellPath = /bin/sh;
			shellScript = "diff \"${PODS_PODFILE_DIR_PATH}/Podfile.lock\" \"${PODS_ROOT}/Manifest.lock\" > /dev/null\nif [ $? != 0 ] ; then\n    # print error to STDERR\n    echo \"error: The sandbox is not in sync with the Podfile.lock. Run 'pod install' or update your CocoaPods installation.\" >&2\n    exit 1\nfi\n# This output is used by Xcode 'outputs' to avoid re-running this script phase.\necho \"SUCCESS\" > \"${SCRIPT_OUTPUT_FILE_0}\"\n";
			showEnvVarsInLog = 0;
		};
/* End PBXShellScriptBuildPhase section */

/* Begin PBXSourcesBuildPhase section */
		8E21EC6D290064620043019F /* Sources */ = {
			isa = PBXSourcesBuildPhase;
			buildActionMask = 2147483647;
			files = (
				8EFD833E290101D5004CAD08 /* NetworkManager.swift in Sources */,
				8EFD834029010233004CAD08 /* StoreManager.swift in Sources */,
				8EFD8345290104BF004CAD08 /* MovieTableViewCell.swift in Sources */,
				8EFD83392901009E004CAD08 /* MovieModel.swift in Sources */,
				8EFD8343290102DE004CAD08 /* Constant.swift in Sources */,
				8EFD83332900FAC9004CAD08 /* MovieListViewController.swift in Sources */,
				8E21EC75290064620043019F /* AppDelegate.swift in Sources */,
				8EFD8347290124FA004CAD08 /* Helper.swift in Sources */,
				8E21EC77290064620043019F /* SceneDelegate.swift in Sources */,
				8EFD833B29010118004CAD08 /* MovieListViewModel.swift in Sources */,
			);
			runOnlyForDeploymentPostprocessing = 0;
		};
		8E21EC832900646B0043019F /* Sources */ = {
			isa = PBXSourcesBuildPhase;
			buildActionMask = 2147483647;
			files = (
				8E21EC8C2900646B0043019F /* iOSTestBS23Tests.swift in Sources */,
			);
			runOnlyForDeploymentPostprocessing = 0;
		};
		8E21EC8D2900646B0043019F /* Sources */ = {
			isa = PBXSourcesBuildPhase;
			buildActionMask = 2147483647;
			files = (
				8E21EC982900646B0043019F /* iOSTestBS23UITestsLaunchTests.swift in Sources */,
				8E21EC962900646B0043019F /* iOSTestBS23UITests.swift in Sources */,
			);
			runOnlyForDeploymentPostprocessing = 0;
		};
/* End PBXSourcesBuildPhase section */

/* Begin PBXTargetDependency section */
		8E21EC892900646B0043019F /* PBXTargetDependency */ = {
			isa = PBXTargetDependency;
			target = 8E21EC70290064620043019F /* iOSTestBS23 */;
			targetProxy = 8E21EC882900646B0043019F /* PBXContainerItemProxy */;
		};
		8E21EC932900646B0043019F /* PBXTargetDependency */ = {
			isa = PBXTargetDependency;
			target = 8E21EC70290064620043019F /* iOSTestBS23 */;
			targetProxy = 8E21EC922900646B0043019F /* PBXContainerItemProxy */;
		};
/* End PBXTargetDependency section */

/* Begin PBXVariantGroup section */
		8E21EC7A290064620043019F /* Main.storyboard */ = {
			isa = PBXVariantGroup;
			children = (
				8E21EC7B290064620043019F /* Base */,
			);
			name = Main.storyboard;
			sourceTree = "<group>";
		};
		8E21EC7F290064690043019F /* LaunchScreen.storyboard */ = {
			isa = PBXVariantGroup;
			children = (
				8E21EC80290064690043019F /* Base */,
			);
			name = LaunchScreen.storyboard;
			sourceTree = "<group>";
		};
/* End PBXVariantGroup section */

/* Begin XCBuildConfiguration section */
		8E21EC992900646B0043019F /* Debug */ = {
			isa = XCBuildConfiguration;
			buildSettings = {
				ALWAYS_SEARCH_USER_PATHS = NO;
				CLANG_ANALYZER_NONNULL = YES;
				CLANG_ANALYZER_NUMBER_OBJECT_CONVERSION = YES_AGGRESSIVE;
				CLANG_CXX_LANGUAGE_STANDARD = "gnu++17";
				CLANG_CXX_LIBRARY = "libc++";
				CLANG_ENABLE_MODULES = YES;
				CLANG_ENABLE_OBJC_ARC = YES;
				CLANG_ENABLE_OBJC_WEAK = YES;
				CLANG_WARN_BLOCK_CAPTURE_AUTORELEASING = YES;
				CLANG_WARN_BOOL_CONVERSION = YES;
				CLANG_WARN_COMMA = YES;
				CLANG_WARN_CONSTANT_CONVERSION = YES;
				CLANG_WARN_DEPRECATED_OBJC_IMPLEMENTATIONS = YES;
				CLANG_WARN_DIRECT_OBJC_ISA_USAGE = YES_ERROR;
				CLANG_WARN_DOCUMENTATION_COMMENTS = YES;
				CLANG_WARN_EMPTY_BODY = YES;
				CLANG_WARN_ENUM_CONVERSION = YES;
				CLANG_WARN_INFINITE_RECURSION = YES;
				CLANG_WARN_INT_CONVERSION = YES;
				CLANG_WARN_NON_LITERAL_NULL_CONVERSION = YES;
				CLANG_WARN_OBJC_IMPLICIT_RETAIN_SELF = YES;
				CLANG_WARN_OBJC_LITERAL_CONVERSION = YES;
				CLANG_WARN_OBJC_ROOT_CLASS = YES_ERROR;
				CLANG_WARN_QUOTED_INCLUDE_IN_FRAMEWORK_HEADER = YES;
				CLANG_WARN_RANGE_LOOP_ANALYSIS = YES;
				CLANG_WARN_STRICT_PROTOTYPES = YES;
				CLANG_WARN_SUSPICIOUS_MOVE = YES;
				CLANG_WARN_UNGUARDED_AVAILABILITY = YES_AGGRESSIVE;
				CLANG_WARN_UNREACHABLE_CODE = YES;
				CLANG_WARN__DUPLICATE_METHOD_MATCH = YES;
				COPY_PHASE_STRIP = NO;
				DEBUG_INFORMATION_FORMAT = dwarf;
				ENABLE_STRICT_OBJC_MSGSEND = YES;
				ENABLE_TESTABILITY = YES;
				GCC_C_LANGUAGE_STANDARD = gnu11;
				GCC_DYNAMIC_NO_PIC = NO;
				GCC_NO_COMMON_BLOCKS = YES;
				GCC_OPTIMIZATION_LEVEL = 0;
				GCC_PREPROCESSOR_DEFINITIONS = (
					"DEBUG=1",
					"$(inherited)",
				);
				GCC_WARN_64_TO_32_BIT_CONVERSION = YES;
				GCC_WARN_ABOUT_RETURN_TYPE = YES_ERROR;
				GCC_WARN_UNDECLARED_SELECTOR = YES;
				GCC_WARN_UNINITIALIZED_AUTOS = YES_AGGRESSIVE;
				GCC_WARN_UNUSED_FUNCTION = YES;
				GCC_WARN_UNUSED_VARIABLE = YES;
				IPHONEOS_DEPLOYMENT_TARGET = 14.0;
				MTL_ENABLE_DEBUG_INFO = INCLUDE_SOURCE;
				MTL_FAST_MATH = YES;
				ONLY_ACTIVE_ARCH = YES;
				SDKROOT = iphoneos;
				SWIFT_ACTIVE_COMPILATION_CONDITIONS = DEBUG;
				SWIFT_OPTIMIZATION_LEVEL = "-Onone";
			};
			name = Debug;
		};
		8E21EC9A2900646B0043019F /* Release */ = {
			isa = XCBuildConfiguration;
			buildSettings = {
				ALWAYS_SEARCH_USER_PATHS = NO;
				CLANG_ANALYZER_NONNULL = YES;
				CLANG_ANALYZER_NUMBER_OBJECT_CONVERSION = YES_AGGRESSIVE;
				CLANG_CXX_LANGUAGE_STANDARD = "gnu++17";
				CLANG_CXX_LIBRARY = "libc++";
				CLANG_ENABLE_MODULES = YES;
				CLANG_ENABLE_OBJC_ARC = YES;
				CLANG_ENABLE_OBJC_WEAK = YES;
				CLANG_WARN_BLOCK_CAPTURE_AUTORELEASING = YES;
				CLANG_WARN_BOOL_CONVERSION = YES;
				CLANG_WARN_COMMA = YES;
				CLANG_WARN_CONSTANT_CONVERSION = YES;
				CLANG_WARN_DEPRECATED_OBJC_IMPLEMENTATIONS = YES;
				CLANG_WARN_DIRECT_OBJC_ISA_USAGE = YES_ERROR;
				CLANG_WARN_DOCUMENTATION_COMMENTS = YES;
				CLANG_WARN_EMPTY_BODY = YES;
				CLANG_WARN_ENUM_CONVERSION = YES;
				CLANG_WARN_INFINITE_RECURSION = YES;
				CLANG_WARN_INT_CONVERSION = YES;
				CLANG_WARN_NON_LITERAL_NULL_CONVERSION = YES;
				CLANG_WARN_OBJC_IMPLICIT_RETAIN_SELF = YES;
				CLANG_WARN_OBJC_LITERAL_CONVERSION = YES;
				CLANG_WARN_OBJC_ROOT_CLASS = YES_ERROR;
				CLANG_WARN_QUOTED_INCLUDE_IN_FRAMEWORK_HEADER = YES;
				CLANG_WARN_RANGE_LOOP_ANALYSIS = YES;
				CLANG_WARN_STRICT_PROTOTYPES = YES;
				CLANG_WARN_SUSPICIOUS_MOVE = YES;
				CLANG_WARN_UNGUARDED_AVAILABILITY = YES_AGGRESSIVE;
				CLANG_WARN_UNREACHABLE_CODE = YES;
				CLANG_WARN__DUPLICATE_METHOD_MATCH = YES;
				COPY_PHASE_STRIP = NO;
				DEBUG_INFORMATION_FORMAT = "dwarf-with-dsym";
				ENABLE_NS_ASSERTIONS = NO;
				ENABLE_STRICT_OBJC_MSGSEND = YES;
				GCC_C_LANGUAGE_STANDARD = gnu11;
				GCC_NO_COMMON_BLOCKS = YES;
				GCC_WARN_64_TO_32_BIT_CONVERSION = YES;
				GCC_WARN_ABOUT_RETURN_TYPE = YES_ERROR;
				GCC_WARN_UNDECLARED_SELECTOR = YES;
				GCC_WARN_UNINITIALIZED_AUTOS = YES_AGGRESSIVE;
				GCC_WARN_UNUSED_FUNCTION = YES;
				GCC_WARN_UNUSED_VARIABLE = YES;
				IPHONEOS_DEPLOYMENT_TARGET = 14.0;
				MTL_ENABLE_DEBUG_INFO = NO;
				MTL_FAST_MATH = YES;
				SDKROOT = iphoneos;
				SWIFT_COMPILATION_MODE = wholemodule;
				SWIFT_OPTIMIZATION_LEVEL = "-O";
				VALIDATE_PRODUCT = YES;
			};
			name = Release;
		};
		8E21EC9C2900646B0043019F /* Debug */ = {
			isa = XCBuildConfiguration;
			baseConfigurationReference = 2A4D77EDE6D627C1D558525F /* Pods-iOSTestBS23.debug.xcconfig */;
			buildSettings = {
				ASSETCATALOG_COMPILER_APPICON_NAME = AppIcon;
				ASSETCATALOG_COMPILER_GLOBAL_ACCENT_COLOR_NAME = AccentColor;
				CODE_SIGN_STYLE = Automatic;
				CURRENT_PROJECT_VERSION = 1;
				DEVELOPMENT_TEAM = ZSM3DPQH58;
				GENERATE_INFOPLIST_FILE = YES;
				INFOPLIST_FILE = iOSTestBS23/Info.plist;
				INFOPLIST_KEY_CFBundleDisplayName = "Movie List";
				INFOPLIST_KEY_UIApplicationSupportsIndirectInputEvents = YES;
				INFOPLIST_KEY_UILaunchStoryboardName = LaunchScreen.storyboard;
				INFOPLIST_KEY_UIMainStoryboardFile = Main;
				INFOPLIST_KEY_UISupportedInterfaceOrientations = UIInterfaceOrientationPortrait;
				LD_RUNPATH_SEARCH_PATHS = (
					"$(inherited)",
					"@executable_path/Frameworks",
				);
				MARKETING_VERSION = 1.0.0;
				PRODUCT_BUNDLE_IDENTIFIER = com.pach.iOSTestBS23;
				PRODUCT_NAME = "$(TARGET_NAME)";
				SWIFT_EMIT_LOC_STRINGS = YES;
				SWIFT_VERSION = 5.0;
				TARGETED_DEVICE_FAMILY = "1,2";
			};
			name = Debug;
		};
		8E21EC9D2900646B0043019F /* Release */ = {
			isa = XCBuildConfiguration;
			baseConfigurationReference = 9CE4F414D63F758AD92CAE85 /* Pods-iOSTestBS23.release.xcconfig */;
			buildSettings = {
				ASSETCATALOG_COMPILER_APPICON_NAME = AppIcon;
				ASSETCATALOG_COMPILER_GLOBAL_ACCENT_COLOR_NAME = AccentColor;
				CODE_SIGN_STYLE = Automatic;
				CURRENT_PROJECT_VERSION = 1;
				DEVELOPMENT_TEAM = ZSM3DPQH58;
				GENERATE_INFOPLIST_FILE = YES;
				INFOPLIST_FILE = iOSTestBS23/Info.plist;
				INFOPLIST_KEY_CFBundleDisplayName = "Movie List";
				INFOPLIST_KEY_UIApplicationSupportsIndirectInputEvents = YES;
				INFOPLIST_KEY_UILaunchStoryboardName = LaunchScreen.storyboard;
				INFOPLIST_KEY_UIMainStoryboardFile = Main;
				INFOPLIST_KEY_UISupportedInterfaceOrientations = UIInterfaceOrientationPortrait;
				LD_RUNPATH_SEARCH_PATHS = (
					"$(inherited)",
					"@executable_path/Frameworks",
				);
				MARKETING_VERSION = 1.0.0;
				PRODUCT_BUNDLE_IDENTIFIER = com.pach.iOSTestBS23;
				PRODUCT_NAME = "$(TARGET_NAME)";
				SWIFT_EMIT_LOC_STRINGS = YES;
				SWIFT_VERSION = 5.0;
				TARGETED_DEVICE_FAMILY = "1,2";
			};
			name = Release;
		};
		8E21EC9F2900646B0043019F /* Debug */ = {
			isa = XCBuildConfiguration;
			baseConfigurationReference = 3CFAEC96654A670F956D5EA1 /* Pods-iOSTestBS23Tests.debug.xcconfig */;
			buildSettings = {
				ALWAYS_EMBED_SWIFT_STANDARD_LIBRARIES = YES;
				BUNDLE_LOADER = "$(TEST_HOST)";
				CODE_SIGN_STYLE = Automatic;
				CURRENT_PROJECT_VERSION = 1;
				DEVELOPMENT_TEAM = ZSM3DPQH58;
				GENERATE_INFOPLIST_FILE = YES;
				IPHONEOS_DEPLOYMENT_TARGET = 15.2;
				MARKETING_VERSION = 1.0;
				PRODUCT_BUNDLE_IDENTIFIER = com.pach.iOSTestBS23Tests;
				PRODUCT_NAME = "$(TARGET_NAME)";
				SWIFT_EMIT_LOC_STRINGS = NO;
				SWIFT_VERSION = 5.0;
				TARGETED_DEVICE_FAMILY = "1,2";
				TEST_HOST = "$(BUILT_PRODUCTS_DIR)/iOSTestBS23.app/iOSTestBS23";
			};
			name = Debug;
		};
		8E21ECA02900646B0043019F /* Release */ = {
			isa = XCBuildConfiguration;
			baseConfigurationReference = A24E94EF314C1D738689729C /* Pods-iOSTestBS23Tests.release.xcconfig */;
			buildSettings = {
				ALWAYS_EMBED_SWIFT_STANDARD_LIBRARIES = YES;
				BUNDLE_LOADER = "$(TEST_HOST)";
				CODE_SIGN_STYLE = Automatic;
				CURRENT_PROJECT_VERSION = 1;
				DEVELOPMENT_TEAM = ZSM3DPQH58;
				GENERATE_INFOPLIST_FILE = YES;
				IPHONEOS_DEPLOYMENT_TARGET = 15.2;
				MARKETING_VERSION = 1.0;
				PRODUCT_BUNDLE_IDENTIFIER = com.pach.iOSTestBS23Tests;
				PRODUCT_NAME = "$(TARGET_NAME)";
				SWIFT_EMIT_LOC_STRINGS = NO;
				SWIFT_VERSION = 5.0;
				TARGETED_DEVICE_FAMILY = "1,2";
				TEST_HOST = "$(BUILT_PRODUCTS_DIR)/iOSTestBS23.app/iOSTestBS23";
			};
			name = Release;
		};
		8E21ECA22900646B0043019F /* Debug */ = {
			isa = XCBuildConfiguration;
			baseConfigurationReference = 43A656597979371DDB2F12BC /* Pods-iOSTestBS23-iOSTestBS23UITests.debug.xcconfig */;
			buildSettings = {
				ALWAYS_EMBED_SWIFT_STANDARD_LIBRARIES = YES;
				CODE_SIGN_STYLE = Automatic;
				CURRENT_PROJECT_VERSION = 1;
				DEVELOPMENT_TEAM = ZSM3DPQH58;
				GENERATE_INFOPLIST_FILE = YES;
				MARKETING_VERSION = 1.0;
				PRODUCT_BUNDLE_IDENTIFIER = com.pach.iOSTestBS23UITests;
				PRODUCT_NAME = "$(TARGET_NAME)";
				SWIFT_EMIT_LOC_STRINGS = NO;
				SWIFT_VERSION = 5.0;
				TARGETED_DEVICE_FAMILY = "1,2";
				TEST_TARGET_NAME = iOSTestBS23;
			};
			name = Debug;
		};
		8E21ECA32900646B0043019F /* Release */ = {
			isa = XCBuildConfiguration;
			baseConfigurationReference = 96D82C348D152DC31DCF30AB /* Pods-iOSTestBS23-iOSTestBS23UITests.release.xcconfig */;
			buildSettings = {
				ALWAYS_EMBED_SWIFT_STANDARD_LIBRARIES = YES;
				CODE_SIGN_STYLE = Automatic;
				CURRENT_PROJECT_VERSION = 1;
				DEVELOPMENT_TEAM = ZSM3DPQH58;
				GENERATE_INFOPLIST_FILE = YES;
				MARKETING_VERSION = 1.0;
				PRODUCT_BUNDLE_IDENTIFIER = com.pach.iOSTestBS23UITests;
				PRODUCT_NAME = "$(TARGET_NAME)";
				SWIFT_EMIT_LOC_STRINGS = NO;
				SWIFT_VERSION = 5.0;
				TARGETED_DEVICE_FAMILY = "1,2";
				TEST_TARGET_NAME = iOSTestBS23;
			};
			name = Release;
		};
/* End XCBuildConfiguration section */

/* Begin XCConfigurationList section */
		8E21EC6C290064620043019F /* Build configuration list for PBXProject "iOSTestBS23" */ = {
			isa = XCConfigurationList;
			buildConfigurations = (
				8E21EC992900646B0043019F /* Debug */,
				8E21EC9A2900646B0043019F /* Release */,
			);
			defaultConfigurationIsVisible = 0;
			defaultConfigurationName = Release;
		};
		8E21EC9B2900646B0043019F /* Build configuration list for PBXNativeTarget "iOSTestBS23" */ = {
			isa = XCConfigurationList;
			buildConfigurations = (
				8E21EC9C2900646B0043019F /* Debug */,
				8E21EC9D2900646B0043019F /* Release */,
			);
			defaultConfigurationIsVisible = 0;
			defaultConfigurationName = Release;
		};
		8E21EC9E2900646B0043019F /* Build configuration list for PBXNativeTarget "iOSTestBS23Tests" */ = {
			isa = XCConfigurationList;
			buildConfigurations = (
				8E21EC9F2900646B0043019F /* Debug */,
				8E21ECA02900646B0043019F /* Release */,
			);
			defaultConfigurationIsVisible = 0;
			defaultConfigurationName = Release;
		};
		8E21ECA12900646B0043019F /* Build configuration list for PBXNativeTarget "iOSTestBS23UITests" */ = {
			isa = XCConfigurationList;
			buildConfigurations = (
				8E21ECA22900646B0043019F /* Debug */,
				8E21ECA32900646B0043019F /* Release */,
			);
			defaultConfigurationIsVisible = 0;
			defaultConfigurationName = Release;
		};
/* End XCConfigurationList section */
	};
	rootObject = 8E21EC69290064620043019F /* Project object */;
}
