// !$*UTF8*$!
{
	archiveVersion = 1;
	classes = {
	};
	objectVersion = 55;
	objects = {

/* Begin PBXBuildFile section */
		8E21EC75290064620043019F /* AppDelegate.swift in Sources */ = {isa = PBXBuildFile; fileRef = 8E21EC74290064620043019F /* AppDelegate.swift */; };
		8E21EC77290064620043019F /* SceneDelegate.swift in Sources */ = {isa = PBXBuildFile; fileRef = 8E21EC76290064620043019F /* SceneDelegate.swift */; };
		8E21EC79290064620043019F /* ViewController.swift in Sources */ = {isa = PBXBuildFile; fileRef = 8E21EC78290064620043019F /* ViewController.swift */; };
		8E21EC7C290064620043019F /* Main.storyboard in Resources */ = {isa = PBXBuildFile; fileRef = 8E21EC7A290064620043019F /* Main.storyboard */; };
		8E21EC7E290064690043019F /* Assets.xcassets in Resources */ = {isa = PBXBuildFile; fileRef = 8E21EC7D290064690043019F /* Assets.xcassets */; };
		8E21EC81290064690043019F /* LaunchScreen.storyboard in Resources */ = {isa = PBXBuildFile; fileRef = 8E21EC7F290064690043019F /* LaunchScreen.storyboard */; };
		8E21EC8C2900646B0043019F /* iOSTestBS23Tests.swift in Sources */ = {isa = PBXBuildFile; fileRef = 8E21EC8B2900646B0043019F /* iOSTestBS23Tests.swift */; };
		8E21EC962900646B0043019F /* iOSTestBS23UITests.swift in Sources */ = {isa = PBXBuildFile; fileRef = 8E21EC952900646B0043019F /* iOSTestBS23UITests.swift */; };
		8E21EC982900646B0043019F /* iOSTestBS23UITestsLaunchTests.swift in Sources */ = {isa = PBXBuildFile; fileRef = 8E21EC972900646B0043019F /* iOSTestBS23UITestsLaunchTests.swift */; };
/* End PBXBuildFile section */

/* Begin PBXContainerItemProxy section */
		8E21EC882900646B0043019F /* PBXContainerItemProxy */ = {
			isa = PBXContainerItemProxy;
			containerPortal = 8E21EC69290064620043019F /* Project object */;
			proxyType = 1;
			remoteGlobalIDString = 8E21EC70290064620043019F;
			remoteInfo = iOSTestBS23;
		};
		8E21EC922900646B0043019F /* PBXContainerItemProxy */ = {
			isa = PBXContainerItemProxy;
			containerPortal = 8E21EC69290064620043019F /* Project object */;
			proxyType = 1;
			remoteGlobalIDString = 8E21EC70290064620043019F;
			remoteInfo = iOSTestBS23;
		};
/* End PBXContainerItemProxy section */

/* Begin PBXFileReference section */
		8E21EC71290064620043019F /* iOSTestBS23.app */ = {isa = PBXFileReference; explicitFileType = wrapper.application; includeInIndex = 0; path = iOSTestBS23.app; sourceTree = BUILT_PRODUCTS_DIR; };
		8E21EC74290064620043019F /* AppDelegate.swift */ = {isa = PBXFileReference; lastKnownFileType = sourcecode.swift; path = AppDelegate.swift; sourceTree = "<group>"; };
		8E21EC76290064620043019F /* SceneDelegate.swift */ = {isa = PBXFileReference; lastKnownFileType = sourcecode.swift; path = SceneDelegate.swift; sourceTree = "<group>"; };
		8E21EC78290064620043019F /* ViewController.swift */ = {isa = PBXFileReference; lastKnownFileType = sourcecode.swift; path = ViewController.swift; sourceTree = "<group>"; };
		8E21EC7B290064620043019F /* Base */ = {isa = PBXFileReference; lastKnownFileType = file.storyboard; name = Base; path = Base.lproj/Main.storyboard; sourceTree = "<group>"; };
		8E21EC7D290064690043019F /* Assets.xcassets */ = {isa = PBXFileReference; lastKnownFileType = folder.assetcatalog; path = Assets.xcassets; sourceTree = "<group>"; };
		8E21EC80290064690043019F /* Base */ = {isa = PBXFileReference; lastKnownFileType = file.storyboard; name = Base; path = Base.lproj/LaunchScreen.storyboard; sourceTree = "<group>"; };
		8E21EC82290064690043019F /* Info.plist */ = {isa = PBXFileReference; lastKnownFileType = text.plist.xml; path = Info.plist; sourceTree = "<group>"; };
		8E21EC872900646B0043019F /* iOSTestBS23Tests.xctest */ = {isa = PBXFileReference; explicitFileType = wrapper.cfbundle; includeInIndex = 0; path = iOSTestBS23Tests.xctest; sourceTree = BUILT_PRODUCTS_DIR; };
		8E21EC8B2900646B0043019F /* iOSTestBS23Tests.swift */ = {isa = PBXFileReference; lastKnownFileType = sourcecode.swift; path = iOSTestBS23Tests.swift; sourceTree = "<group>"; };
		8E21EC912900646B0043019F /* iOSTestBS23UITests.xctest */ = {isa = PBXFileReference; explicitFileType = wrapper.cfbundle; includeInIndex = 0; path = iOSTestBS23UITests.xctest; sourceTree = BUILT_PRODUCTS_DIR; };
		8E21EC952900646B0043019F /* iOSTestBS23UITests.swift */ = {isa = PBXFileReference; lastKnownFileType = sourcecode.swift; path = iOSTestBS23UITests.swift; sourceTree = "<group>"; };
		8E21EC972900646B0043019F /* iOSTestBS23UITestsLaunchTests.swift */ = {isa = PBXFileReference; lastKnownFileType = sourcecode.swift; path = iOSTestBS23UITestsLaunchTests.swift; sourceTree = "<group>"; };
/* End PBXFileReference section */

/* Begin PBXFrameworksBuildPhase section */
		8E21EC6E290064620043019F /* Frameworks */ = {
			isa = PBXFrameworksBuildPhase;
			buildActionMask = 2147483647;
			files = (
			);
			runOnlyForDeploymentPostprocessing = 0;
		};
		8E21EC842900646B0043019F /* Frameworks */ = {
			isa = PBXFrameworksBuildPhase;
			buildActionMask = 2147483647;
			files = (
			);
			runOnlyForDeploymentPostprocessing = 0;
		};
		8E21EC8E2900646B0043019F /* Frameworks */ = {
			isa = PBXFrameworksBuildPhase;
			buildActionMask = 2147483647;
			files = (
			);
			runOnlyForDeploymentPostprocessing = 0;
		};
/* End PBXFrameworksBuildPhase section */

/* Begin PBXGroup section */
		8E21EC68290064620043019F = {
			isa = PBXGroup;
			children = (
				8E21EC73290064620043019F /* iOSTestBS23 */,
				8E21EC8A2900646B0043019F /* iOSTestBS23Tests */,
				8E21EC942900646B0043019F /* iOSTestBS23UITests */,
				8E21EC72290064620043019F /* Products */,
			);
			sourceTree = "<group>";
		};
		8E21EC72290064620043019F /* Products */ = {
			isa = PBXGroup;
			children = (
				8E21EC71290064620043019F /* iOSTestBS23.app */,
				8E21EC872900646B0043019F /* iOSTestBS23Tests.xctest */,
				8E21EC912900646B0043019F /* iOSTestBS23UITests.xctest */,
			);
			name = Products;
			sourceTree = "<group>";
		};
		8E21EC73290064620043019F /* iOSTestBS23 */ = {
			isa = PBXGroup;
			children = (
				8E21EC74290064620043019F /* AppDelegate.swift */,
				8E21EC76290064620043019F /* SceneDelegate.swift */,
				8E21EC78290064620043019F /* ViewController.swift */,
				8E21EC7A290064620043019F /* Main.storyboard */,
				8E21EC7D290064690043019F /* Assets.xcassets */,
				8E21EC7F290064690043019F /* LaunchScreen.storyboard */,
				8E21EC82290064690043019F /* Info.plist */,
			);
			path = iOSTestBS23;
			sourceTree = "<group>";
		};
		8E21EC8A2900646B0043019F /* iOSTestBS23Tests */ = {
			isa = PBXGroup;
			children = (
				8E21EC8B2900646B0043019F /* iOSTestBS23Tests.swift */,
			);
			path = iOSTestBS23Tests;
			sourceTree = "<group>";
		};
		8E21EC942900646B0043019F /* iOSTestBS23UITests */ = {
			isa = PBXGroup;
			children = (
				8E21EC952900646B0043019F /* iOSTestBS23UITests.swift */,
				8E21EC972900646B0043019F /* iOSTestBS23UITestsLaunchTests.swift */,
			);
			path = iOSTestBS23UITests;
			sourceTree = "<group>";
		};
/* End PBXGroup section */

/* Begin PBXNativeTarget section */
		8E21EC70290064620043019F /* iOSTestBS23 */ = {
			isa = PBXNativeTarget;
			buildConfigurationList = 8E21EC9B2900646B0043019F /* Build configuration list for PBXNativeTarget "iOSTestBS23" */;
			buildPhases = (
				8E21EC6D290064620043019F /* Sources */,
				8E21EC6E290064620043019F /* Frameworks */,
				8E21EC6F290064620043019F /* Resources */,
			);
			buildRules = (
			);
			dependencies = (
			);
			name = iOSTestBS23;
			productName = iOSTestBS23;
			productReference = 8E21EC71290064620043019F /* iOSTestBS23.app */;
			productType = "com.apple.product-type.application";
		};
		8E21EC862900646B0043019F /* iOSTestBS23Tests */ = {
			isa = PBXNativeTarget;
			buildConfigurationList = 8E21EC9E2900646B0043019F /* Build configuration list for PBXNativeTarget "iOSTestBS23Tests" */;
			buildPhases = (
				8E21EC832900646B0043019F /* Sources */,
				8E21EC842900646B0043019F /* Frameworks */,
				8E21EC852900646B0043019F /* Resources */,
			);
			buildRules = (
			);
			dependencies = (
				8E21EC892900646B0043019F /* PBXTargetDependency */,
			);
			name = iOSTestBS23Tests;
			productName = iOSTestBS23Tests;
			productReference = 8E21EC872900646B0043019F /* iOSTestBS23Tests.xctest */;
			productType = "com.apple.product-type.bundle.unit-test";
		};
		8E21EC902900646B0043019F /* iOSTestBS23UITests */ = {
			isa = PBXNativeTarget;
			buildConfigurationList = 8E21ECA12900646B0043019F /* Build configuration list for PBXNativeTarget "iOSTestBS23UITests" */;
			buildPhases = (
				8E21EC8D2900646B0043019F /* Sources */,
				8E21EC8E2900646B0043019F /* Frameworks */,
				8E21EC8F2900646B0043019F /* Resources */,
			);
			buildRules = (
			);
			dependencies = (
				8E21EC932900646B0043019F /* PBXTargetDependency */,
			);
			name = iOSTestBS23UITests;
			productName = iOSTestBS23UITests;
			productReference = 8E21EC912900646B0043019F /* iOSTestBS23UITests.xctest */;
			productType = "com.apple.product-type.bundle.ui-testing";
		};
/* End PBXNativeTarget section */

/* Begin PBXProject section */
		8E21EC69290064620043019F /* Project object */ = {
			isa = PBXProject;
			attributes = {
				BuildIndependentTargetsInParallel = 1;
				LastSwiftUpdateCheck = 1320;
				LastUpgradeCheck = 1320;
				TargetAttributes = {
					8E21EC70290064620043019F = {
						CreatedOnToolsVersion = 13.2.1;
					};
					8E21EC862900646B0043019F = {
						CreatedOnToolsVersion = 13.2.1;
						TestTargetID = 8E21EC70290064620043019F;
					};
					8E21EC902900646B0043019F = {
						CreatedOnToolsVersion = 13.2.1;
						TestTargetID = 8E21EC70290064620043019F;
					};
				};
			};
			buildConfigurationList = 8E21EC6C290064620043019F /* Build configuration list for PBXProject "iOSTestBS23" */;
			compatibilityVersion = "Xcode 13.0";
			developmentRegion = en;
			hasScannedForEncodings = 0;
			knownRegions = (
				en,
				Base,
			);
			mainGroup = 8E21EC68290064620043019F;
			productRefGroup = 8E21EC72290064620043019F /* Products */;
			projectDirPath = "";
			projectRoot = "";
			targets = (
				8E21EC70290064620043019F /* iOSTestBS23 */,
				8E21EC862900646B0043019F /* iOSTestBS23Tests */,
				8E21EC902900646B0043019F /* iOSTestBS23UITests */,
			);
		};
/* End PBXProject section */

/* Begin PBXResourcesBuildPhase section */
		8E21EC6F290064620043019F /* Resources */ = {
			isa = PBXResourcesBuildPhase;
			buildActionMask = 2147483647;
			files = (
				8E21EC81290064690043019F /* LaunchScreen.storyboard in Resources */,
				8E21EC7E290064690043019F /* Assets.xcassets in Resources */,
				8E21EC7C290064620043019F /* Main.storyboard in Resources */,
			);
			runOnlyForDeploymentPostprocessing = 0;
		};
		8E21EC852900646B0043019F /* Resources */ = {
			isa = PBXResourcesBuildPhase;
			buildActionMask = 2147483647;
			files = (
			);
			runOnlyForDeploymentPostprocessing = 0;
		};
		8E21EC8F2900646B0043019F /* Resources */ = {
			isa = PBXResourcesBuildPhase;
			buildActionMask = 2147483647;
			files = (
			);
			runOnlyForDeploymentPostprocessing = 0;
		};
/* End PBXResourcesBuildPhase section */

/* Begin PBXSourcesBuildPhase section */
		8E21EC6D290064620043019F /* Sources */ = {
			isa = PBXSourcesBuildPhase;
			buildActionMask = 2147483647;
			files = (
				8E21EC79290064620043019F /* ViewController.swift in Sources */,
				8E21EC75290064620043019F /* AppDelegate.swift in Sources */,
				8E21EC77290064620043019F /* SceneDelegate.swift in Sources */,
			);
			runOnlyForDeploymentPostprocessing = 0;
		};
		8E21EC832900646B0043019F /* Sources */ = {
			isa = PBXSourcesBuildPhase;
			buildActionMask = 2147483647;
			files = (
				8E21EC8C2900646B0043019F /* iOSTestBS23Tests.swift in Sources */,
			);
			runOnlyForDeploymentPostprocessing = 0;
		};
		8E21EC8D2900646B0043019F /* Sources */ = {
			isa = PBXSourcesBuildPhase;
			buildActionMask = 2147483647;
			files = (
				8E21EC982900646B0043019F /* iOSTestBS23UITestsLaunchTests.swift in Sources */,
				8E21EC962900646B0043019F /* iOSTestBS23UITests.swift in Sources */,
			);
			runOnlyForDeploymentPostprocessing = 0;
		};
/* End PBXSourcesBuildPhase section */

/* Begin PBXTargetDependency section */
		8E21EC892900646B0043019F /* PBXTargetDependency */ = {
			isa = PBXTargetDependency;
			target = 8E21EC70290064620043019F /* iOSTestBS23 */;
			targetProxy = 8E21EC882900646B0043019F /* PBXContainerItemProxy */;
		};
		8E21EC932900646B0043019F /* PBXTargetDependency */ = {
			isa = PBXTargetDependency;
			target = 8E21EC70290064620043019F /* iOSTestBS23 */;
			targetProxy = 8E21EC922900646B0043019F /* PBXContainerItemProxy */;
		};
/* End PBXTargetDependency section */

/* Begin PBXVariantGroup section */
		8E21EC7A290064620043019F /* Main.storyboard */ = {
			isa = PBXVariantGroup;
			children = (
				8E21EC7B290064620043019F /* Base */,
			);
			name = Main.storyboard;
			sourceTree = "<group>";
		};
		8E21EC7F290064690043019F /* LaunchScreen.storyboard */ = {
			isa = PBXVariantGroup;
			children = (
				8E21EC80290064690043019F /* Base */,
			);
			name = LaunchScreen.storyboard;
			sourceTree = "<group>";
		};
/* End PBXVariantGroup section */

/* Begin XCBuildConfiguration section */
		8E21EC992900646B0043019F /* Debug */ = {
			isa = XCBuildConfiguration;
			buildSettings = {
				ALWAYS_SEARCH_USER_PATHS = NO;
				CLANG_ANALYZER_NONNULL = YES;
				CLANG_ANALYZER_NUMBER_OBJECT_CONVERSION = YES_AGGRESSIVE;
				CLANG_CXX_LANGUAGE_STANDARD = "gnu++17";
				CLANG_CXX_LIBRARY = "libc++";
				CLANG_ENABLE_MODULES = YES;
				CLANG_ENABLE_OBJC_ARC = YES;
				CLANG_ENABLE_OBJC_WEAK = YES;
				CLANG_WARN_BLOCK_CAPTURE_AUTORELEASING = YES;
				CLANG_WARN_BOOL_CONVERSION = YES;
				CLANG_WARN_COMMA = YES;
				CLANG_WARN_CONSTANT_CONVERSION = YES;
				CLANG_WARN_DEPRECATED_OBJC_IMPLEMENTATIONS = YES;
				CLANG_WARN_DIRECT_OBJC_ISA_USAGE = YES_ERROR;
				CLANG_WARN_DOCUMENTATION_COMMENTS = YES;
				CLANG_WARN_EMPTY_BODY = YES;
				CLANG_WARN_ENUM_CONVERSION = YES;
				CLANG_WARN_INFINITE_RECURSION = YES;
				CLANG_WARN_INT_CONVERSION = YES;
				CLANG_WARN_NON_LITERAL_NULL_CONVERSION = YES;
				CLANG_WARN_OBJC_IMPLICIT_RETAIN_SELF = YES;
				CLANG_WARN_OBJC_LITERAL_CONVERSION = YES;
				CLANG_WARN_OBJC_ROOT_CLASS = YES_ERROR;
				CLANG_WARN_QUOTED_INCLUDE_IN_FRAMEWORK_HEADER = YES;
				CLANG_WARN_RANGE_LOOP_ANALYSIS = YES;
				CLANG_WARN_STRICT_PROTOTYPES = YES;
				CLANG_WARN_SUSPICIOUS_MOVE = YES;
				CLANG_WARN_UNGUARDED_AVAILABILITY = YES_AGGRESSIVE;
				CLANG_WARN_UNREACHABLE_CODE = YES;
				CLANG_WARN__DUPLICATE_METHOD_MATCH = YES;
				COPY_PHASE_STRIP = NO;
				DEBUG_INFORMATION_FORMAT = dwarf;
				ENABLE_STRICT_OBJC_MSGSEND = YES;
				ENABLE_TESTABILITY = YES;
				GCC_C_LANGUAGE_STANDARD = gnu11;
				GCC_DYNAMIC_NO_PIC = NO;
				GCC_NO_COMMON_BLOCKS = YES;
				GCC_OPTIMIZATION_LEVEL = 0;
				GCC_PREPROCESSOR_DEFINITIONS = (
					"DEBUG=1",
					"$(inherited)",
				);
				GCC_WARN_64_TO_32_BIT_CONVERSION = YES;
				GCC_WARN_ABOUT_RETURN_TYPE = YES_ERROR;
				GCC_WARN_UNDECLARED_SELECTOR = YES;
				GCC_WARN_UNINITIALIZED_AUTOS = YES_AGGRESSIVE;
				GCC_WARN_UNUSED_FUNCTION = YES;
				GCC_WARN_UNUSED_VARIABLE = YES;
				IPHONEOS_DEPLOYMENT_TARGET = 15.2;
				MTL_ENABLE_DEBUG_INFO = INCLUDE_SOURCE;
				MTL_FAST_MATH = YES;
				ONLY_ACTIVE_ARCH = YES;
				SDKROOT = iphoneos;
				SWIFT_ACTIVE_COMPILATION_CONDITIONS = DEBUG;
				SWIFT_OPTIMIZATION_LEVEL = "-Onone";
			};
			name = Debug;
		};
		8E21EC9A2900646B0043019F /* Release */ = {
			isa = XCBuildConfiguration;
			buildSettings = {
				ALWAYS_SEARCH_USER_PATHS = NO;
				CLANG_ANALYZER_NONNULL = YES;
				CLANG_ANALYZER_NUMBER_OBJECT_CONVERSION = YES_AGGRESSIVE;
				CLANG_CXX_LANGUAGE_STANDARD = "gnu++17";
				CLANG_CXX_LIBRARY = "libc++";
				CLANG_ENABLE_MODULES = YES;
				CLANG_ENABLE_OBJC_ARC = YES;
				CLANG_ENABLE_OBJC_WEAK = YES;
				CLANG_WARN_BLOCK_CAPTURE_AUTORELEASING = YES;
				CLANG_WARN_BOOL_CONVERSION = YES;
				CLANG_WARN_COMMA = YES;
				CLANG_WARN_CONSTANT_CONVERSION = YES;
				CLANG_WARN_DEPRECATED_OBJC_IMPLEMENTATIONS = YES;
				CLANG_WARN_DIRECT_OBJC_ISA_USAGE = YES_ERROR;
				CLANG_WARN_DOCUMENTATION_COMMENTS = YES;
				CLANG_WARN_EMPTY_BODY = YES;
				CLANG_WARN_ENUM_CONVERSION = YES;
				CLANG_WARN_INFINITE_RECURSION = YES;
				CLANG_WARN_INT_CONVERSION = YES;
				CLANG_WARN_NON_LITERAL_NULL_CONVERSION = YES;
				CLANG_WARN_OBJC_IMPLICIT_RETAIN_SELF = YES;
				CLANG_WARN_OBJC_LITERAL_CONVERSION = YES;
				CLANG_WARN_OBJC_ROOT_CLASS = YES_ERROR;
				CLANG_WARN_QUOTED_INCLUDE_IN_FRAMEWORK_HEADER = YES;
				CLANG_WARN_RANGE_LOOP_ANALYSIS = YES;
				CLANG_WARN_STRICT_PROTOTYPES = YES;
				CLANG_WARN_SUSPICIOUS_MOVE = YES;
				CLANG_WARN_UNGUARDED_AVAILABILITY = YES_AGGRESSIVE;
				CLANG_WARN_UNREACHABLE_CODE = YES;
				CLANG_WARN__DUPLICATE_METHOD_MATCH = YES;
				COPY_PHASE_STRIP = NO;
				DEBUG_INFORMATION_FORMAT = "dwarf-with-dsym";
				ENABLE_NS_ASSERTIONS = NO;
				ENABLE_STRICT_OBJC_MSGSEND = YES;
				GCC_C_LANGUAGE_STANDARD = gnu11;
				GCC_NO_COMMON_BLOCKS = YES;
				GCC_WARN_64_TO_32_BIT_CONVERSION = YES;
				GCC_WARN_ABOUT_RETURN_TYPE = YES_ERROR;
				GCC_WARN_UNDECLARED_SELECTOR = YES;
				GCC_WARN_UNINITIALIZED_AUTOS = YES_AGGRESSIVE;
				GCC_WARN_UNUSED_FUNCTION = YES;
				GCC_WARN_UNUSED_VARIABLE = YES;
				IPHONEOS_DEPLOYMENT_TARGET = 15.2;
				MTL_ENABLE_DEBUG_INFO = NO;
				MTL_FAST_MATH = YES;
				SDKROOT = iphoneos;
				SWIFT_COMPILATION_MODE = wholemodule;
				SWIFT_OPTIMIZATION_LEVEL = "-O";
				VALIDATE_PRODUCT = YES;
			};
			name = Release;
		};
		8E21EC9C2900646B0043019F /* Debug */ = {
			isa = XCBuildConfiguration;
			buildSettings = {
				ASSETCATALOG_COMPILER_APPICON_NAME = AppIcon;
				ASSETCATALOG_COMPILER_GLOBAL_ACCENT_COLOR_NAME = AccentColor;
				CODE_SIGN_STYLE = Automatic;
				CURRENT_PROJECT_VERSION = 1;
				DEVELOPMENT_TEAM = ZSM3DPQH58;
				GENERATE_INFOPLIST_FILE = YES;
				INFOPLIST_FILE = iOSTestBS23/Info.plist;
				INFOPLIST_KEY_UIApplicationSupportsIndirectInputEvents = YES;
				INFOPLIST_KEY_UILaunchStoryboardName = LaunchScreen;
				INFOPLIST_KEY_UIMainStoryboardFile = Main;
				INFOPLIST_KEY_UISupportedInterfaceOrientations_iPad = "UIInterfaceOrientationPortrait UIInterfaceOrientationPortraitUpsideDown UIInterfaceOrientationLandscapeLeft UIInterfaceOrientationLandscapeRight";
				INFOPLIST_KEY_UISupportedInterfaceOrientations_iPhone = "UIInterfaceOrientationPortrait UIInterfaceOrientationLandscapeLeft UIInterfaceOrientationLandscapeRight";
				LD_RUNPATH_SEARCH_PATHS = (
					"$(inherited)",
					"@executable_path/Frameworks",
				);
				MARKETING_VERSION = 1.0;
				PRODUCT_BUNDLE_IDENTIFIER = com.pach.iOSTestBS23;
				PRODUCT_NAME = "$(TARGET_NAME)";
				SWIFT_EMIT_LOC_STRINGS = YES;
				SWIFT_VERSION = 5.0;
				TARGETED_DEVICE_FAMILY = "1,2";
			};
			name = Debug;
		};
		8E21EC9D2900646B0043019F /* Release */ = {
			isa = XCBuildConfiguration;
			buildSettings = {
				ASSETCATALOG_COMPILER_APPICON_NAME = AppIcon;
				ASSETCATALOG_COMPILER_GLOBAL_ACCENT_COLOR_NAME = AccentColor;
				CODE_SIGN_STYLE = Automatic;
				CURRENT_PROJECT_VERSION = 1;
				DEVELOPMENT_TEAM = ZSM3DPQH58;
				GENERATE_INFOPLIST_FILE = YES;
				INFOPLIST_FILE = iOSTestBS23/Info.plist;
				INFOPLIST_KEY_UIApplicationSupportsIndirectInputEvents = YES;
				INFOPLIST_KEY_UILaunchStoryboardName = LaunchScreen;
				INFOPLIST_KEY_UIMainStoryboardFile = Main;
				INFOPLIST_KEY_UISupportedInterfaceOrientations_iPad = "UIInterfaceOrientationPortrait UIInterfaceOrientationPortraitUpsideDown UIInterfaceOrientationLandscapeLeft UIInterfaceOrientationLandscapeRight";
				INFOPLIST_KEY_UISupportedInterfaceOrientations_iPhone = "UIInterfaceOrientationPortrait UIInterfaceOrientationLandscapeLeft UIInterfaceOrientationLandscapeRight";
				LD_RUNPATH_SEARCH_PATHS = (
					"$(inherited)",
					"@executable_path/Frameworks",
				);
				MARKETING_VERSION = 1.0;
				PRODUCT_BUNDLE_IDENTIFIER = com.pach.iOSTestBS23;
				PRODUCT_NAME = "$(TARGET_NAME)";
				SWIFT_EMIT_LOC_STRINGS = YES;
				SWIFT_VERSION = 5.0;
				TARGETED_DEVICE_FAMILY = "1,2";
			};
			name = Release;
		};
		8E21EC9F2900646B0043019F /* Debug */ = {
			isa = XCBuildConfiguration;
			buildSettings = {
				ALWAYS_EMBED_SWIFT_STANDARD_LIBRARIES = YES;
				BUNDLE_LOADER = "$(TEST_HOST)";
				CODE_SIGN_STYLE = Automatic;
				CURRENT_PROJECT_VERSION = 1;
				DEVELOPMENT_TEAM = ZSM3DPQH58;
				GENERATE_INFOPLIST_FILE = YES;
				IPHONEOS_DEPLOYMENT_TARGET = 15.2;
				MARKETING_VERSION = 1.0;
				PRODUCT_BUNDLE_IDENTIFIER = com.pach.iOSTestBS23Tests;
				PRODUCT_NAME = "$(TARGET_NAME)";
				SWIFT_EMIT_LOC_STRINGS = NO;
				SWIFT_VERSION = 5.0;
				TARGETED_DEVICE_FAMILY = "1,2";
				TEST_HOST = "$(BUILT_PRODUCTS_DIR)/iOSTestBS23.app/iOSTestBS23";
			};
			name = Debug;
		};
		8E21ECA02900646B0043019F /* Release */ = {
			isa = XCBuildConfiguration;
			buildSettings = {
				ALWAYS_EMBED_SWIFT_STANDARD_LIBRARIES = YES;
				BUNDLE_LOADER = "$(TEST_HOST)";
				CODE_SIGN_STYLE = Automatic;
				CURRENT_PROJECT_VERSION = 1;
				DEVELOPMENT_TEAM = ZSM3DPQH58;
				GENERATE_INFOPLIST_FILE = YES;
				IPHONEOS_DEPLOYMENT_TARGET = 15.2;
				MARKETING_VERSION = 1.0;
				PRODUCT_BUNDLE_IDENTIFIER = com.pach.iOSTestBS23Tests;
				PRODUCT_NAME = "$(TARGET_NAME)";
				SWIFT_EMIT_LOC_STRINGS = NO;
				SWIFT_VERSION = 5.0;
				TARGETED_DEVICE_FAMILY = "1,2";
				TEST_HOST = "$(BUILT_PRODUCTS_DIR)/iOSTestBS23.app/iOSTestBS23";
			};
			name = Release;
		};
		8E21ECA22900646B0043019F /* Debug */ = {
			isa = XCBuildConfiguration;
			buildSettings = {
				ALWAYS_EMBED_SWIFT_STANDARD_LIBRARIES = YES;
				CODE_SIGN_STYLE = Automatic;
				CURRENT_PROJECT_VERSION = 1;
				DEVELOPMENT_TEAM = ZSM3DPQH58;
				GENERATE_INFOPLIST_FILE = YES;
				MARKETING_VERSION = 1.0;
				PRODUCT_BUNDLE_IDENTIFIER = com.pach.iOSTestBS23UITests;
				PRODUCT_NAME = "$(TARGET_NAME)";
				SWIFT_EMIT_LOC_STRINGS = NO;
				SWIFT_VERSION = 5.0;
				TARGETED_DEVICE_FAMILY = "1,2";
				TEST_TARGET_NAME = iOSTestBS23;
			};
			name = Debug;
		};
		8E21ECA32900646B0043019F /* Release */ = {
			isa = XCBuildConfiguration;
			buildSettings = {
				ALWAYS_EMBED_SWIFT_STANDARD_LIBRARIES = YES;
				CODE_SIGN_STYLE = Automatic;
				CURRENT_PROJECT_VERSION = 1;
				DEVELOPMENT_TEAM = ZSM3DPQH58;
				GENERATE_INFOPLIST_FILE = YES;
				MARKETING_VERSION = 1.0;
				PRODUCT_BUNDLE_IDENTIFIER = com.pach.iOSTestBS23UITests;
				PRODUCT_NAME = "$(TARGET_NAME)";
				SWIFT_EMIT_LOC_STRINGS = NO;
				SWIFT_VERSION = 5.0;
				TARGETED_DEVICE_FAMILY = "1,2";
				TEST_TARGET_NAME = iOSTestBS23;
			};
			name = Release;
		};
/* End XCBuildConfiguration section */

/* Begin XCConfigurationList section */
		8E21EC6C290064620043019F /* Build configuration list for PBXProject "iOSTestBS23" */ = {
			isa = XCConfigurationList;
			buildConfigurations = (
				8E21EC992900646B0043019F /* Debug */,
				8E21EC9A2900646B0043019F /* Release */,
			);
			defaultConfigurationIsVisible = 0;
			defaultConfigurationName = Release;
		};
		8E21EC9B2900646B0043019F /* Build configuration list for PBXNativeTarget "iOSTestBS23" */ = {
			isa = XCConfigurationList;
			buildConfigurations = (
				8E21EC9C2900646B0043019F /* Debug */,
				8E21EC9D2900646B0043019F /* Release */,
			);
			defaultConfigurationIsVisible = 0;
			defaultConfigurationName = Release;
		};
		8E21EC9E2900646B0043019F /* Build configuration list for PBXNativeTarget "iOSTestBS23Tests" */ = {
			isa = XCConfigurationList;
			buildConfigurations = (
				8E21EC9F2900646B0043019F /* Debug */,
				8E21ECA02900646B0043019F /* Release */,
			);
			defaultConfigurationIsVisible = 0;
			defaultConfigurationName = Release;
		};
		8E21ECA12900646B0043019F /* Build configuration list for PBXNativeTarget "iOSTestBS23UITests" */ = {
			isa = XCConfigurationList;
			buildConfigurations = (
				8E21ECA22900646B0043019F /* Debug */,
				8E21ECA32900646B0043019F /* Release */,
			);
			defaultConfigurationIsVisible = 0;
			defaultConfigurationName = Release;
		};
/* End XCConfigurationList section */
	};
	rootObject = 8E21EC69290064620043019F /* Project object */;
}
